
Microsoft Visual Studio Solution File, Format Version 12.00
# Visual Studio Version 17
VisualStudioVersion = 17.10.34928.147
MinimumVisualStudioVersion = 10.0.40219.1
Project("{FAE04EC0-301F-11D3-BF4B-00C04F79EFBC}") = "BidNexus", "BidNexus.csproj", "{5558A390-B59F-4559-9332-D5CFD63BDA32}"
EndProject
Global
	GlobalSection(SolutionConfigurationPlatforms) = preSolution
		Debug|Any CPU = Debug|Any CPU
		Release|Any CPU = Release|Any CPU
	EndGlobalSection
	GlobalSection(ProjectConfigurationPlatforms) = postSolution
		{5558A390-B59F-4559-9332-D5CFD63BDA32}.Debug|Any CPU.ActiveCfg = Debug|Any CPU
		{5558A390-B59F-4559-9332-D5CFD63BDA32}.Debug|Any CPU.Build.0 = Debug|Any CPU
		{5558A390-B59F-4559-9332-D5CFD63BDA32}.Release|Any CPU.ActiveCfg = Release|Any CPU
		{5558A390-B59F-4559-9332-D5CFD63BDA32}.Release|Any CPU.Build.0 = Release|Any CPU
	EndGlobalSection
	GlobalSection(SolutionProperties) = preSolution
		HideSolutionNode = FALSE
	EndGlobalSection
	GlobalSection(ExtensibilityGlobals) = postSolution
		SolutionGuid = {D5DEF539-409A-4126-B0B8-7428C5E21B21}
	EndGlobalSection
EndGlobal
